{
  "name": "mini-api-promisify",
  "version": "0.0.1",
  "lockfileVersion": 1,
  "requires": true,
  "dependencies": {
    "weapp-api-typings": {
      "version": "1.1.7",
      "resolved": "https://registry.npmjs.org/weapp-api-typings/-/weapp-api-typings-1.1.7.tgz",
      "integrity": "sha512-qqAjQpUiaGxHnh6ZT6aU5XHql9EqdlkA7rcrztACx8/x/jzoJc1nb5anR7JRnBfZmBecSAWAuHFHTM7va8rg8w=="
    }
  }
}
